// !$*UTF8*$!
{
	archiveVersion = 1;
	classes = {
	};
	objectVersion = 50;
	objects = {

/* Begin PBXAggregateTarget section */
		E610C38E225A24FD0096F5A8 /* Lint */ = {
			isa = PBXAggregateTarget;
			buildConfigurationList = E610C38F225A24FD0096F5A8 /* Build configuration list for PBXAggregateTarget "Lint" */;
			buildPhases = (
				E610C392225A25100096F5A8 /* ShellScript */,
			);
			dependencies = (
			);
			name = Lint;
			productName = Lint;
		};
/* End PBXAggregateTarget section */

/* Begin PBXBuildFile section */
		E610C368225A1F660096F5A8 /* AppDelegate.swift in Sources */ = {isa = PBXBuildFile; fileRef = E610C367225A1F660096F5A8 /* AppDelegate.swift */; };
		E610C36A225A1F660096F5A8 /* ExchangeRateListViewController.swift in Sources */ = {isa = PBXBuildFile; fileRef = E610C369225A1F660096F5A8 /* ExchangeRateListViewController.swift */; };
		E610C36F225A1F680096F5A8 /* Assets.xcassets in Resources */ = {isa = PBXBuildFile; fileRef = E610C36E225A1F680096F5A8 /* Assets.xcassets */; };
		E610C372225A1F680096F5A8 /* LaunchScreen.storyboard in Resources */ = {isa = PBXBuildFile; fileRef = E610C370225A1F680096F5A8 /* LaunchScreen.storyboard */; };
		E610C39B225A3F970096F5A8 /* Localizable.strings in Resources */ = {isa = PBXBuildFile; fileRef = E610C39A225A3F970096F5A8 /* Localizable.strings */; };
		E610C39D225A3FD40096F5A8 /* Currency.swift in Sources */ = {isa = PBXBuildFile; fileRef = E610C39C225A3FD40096F5A8 /* Currency.swift */; };
		E610C39F225A477A0096F5A8 /* CurrencyPair.swift in Sources */ = {isa = PBXBuildFile; fileRef = E610C39E225A477A0096F5A8 /* CurrencyPair.swift */; };
		E610C3A1225A4B170096F5A8 /* ExchangeRate.swift in Sources */ = {isa = PBXBuildFile; fileRef = E610C3A0225A4B170096F5A8 /* ExchangeRate.swift */; };
		E610C3A8225A55980096F5A8 /* NetworkDataFetcher.swift in Sources */ = {isa = PBXBuildFile; fileRef = E610C3A7225A55980096F5A8 /* NetworkDataFetcher.swift */; };
		E610C3AA225A56AE0096F5A8 /* DataFetchError.swift in Sources */ = {isa = PBXBuildFile; fileRef = E610C3A9225A56AE0096F5A8 /* DataFetchError.swift */; };
		E610C3AE225A58810096F5A8 /* BasicNetworkFetcher.swift in Sources */ = {isa = PBXBuildFile; fileRef = E610C3AD225A58810096F5A8 /* BasicNetworkFetcher.swift */; };
		E610C3B0225B23FB0096F5A8 /* HTTPRequest.swift in Sources */ = {isa = PBXBuildFile; fileRef = E610C3AF225B23FB0096F5A8 /* HTTPRequest.swift */; };
		E610C3B2225B24B60096F5A8 /* ExchangeRateService.swift in Sources */ = {isa = PBXBuildFile; fileRef = E610C3B1225B24B60096F5A8 /* ExchangeRateService.swift */; };
		E610C3B8225B3DA20096F5A8 /* ApplicationConfig.swift in Sources */ = {isa = PBXBuildFile; fileRef = E610C3B7225B3DA20096F5A8 /* ApplicationConfig.swift */; };
		E610C3BB225B44C00096F5A8 /* KeyValueStorage.swift in Sources */ = {isa = PBXBuildFile; fileRef = E610C3BA225B44C00096F5A8 /* KeyValueStorage.swift */; };
		E610C3BD225B45450096F5A8 /* UserDefaultsStorage.swift in Sources */ = {isa = PBXBuildFile; fileRef = E610C3BC225B45450096F5A8 /* UserDefaultsStorage.swift */; };
		E610C3C1225B47160096F5A8 /* UserPreferences.swift in Sources */ = {isa = PBXBuildFile; fileRef = E610C3C0225B47150096F5A8 /* UserPreferences.swift */; };
		E610C3C6225B55EF0096F5A8 /* Observable.swift in Sources */ = {isa = PBXBuildFile; fileRef = E610C3C5225B55EF0096F5A8 /* Observable.swift */; };
		E610C3C8225B55FC0096F5A8 /* Disposable.swift in Sources */ = {isa = PBXBuildFile; fileRef = E610C3C7225B55FC0096F5A8 /* Disposable.swift */; };
		E610C3CC225B59570096F5A8 /* ExchangeRateListViewModel.swift in Sources */ = {isa = PBXBuildFile; fileRef = E610C3CB225B59560096F5A8 /* ExchangeRateListViewModel.swift */; };
		E610C3D0225B757F0096F5A8 /* String+Localized.swift in Sources */ = {isa = PBXBuildFile; fileRef = E610C3CE225B757E0096F5A8 /* String+Localized.swift */; };
		E610C3D1225B757F0096F5A8 /* URL+StaticString.swift in Sources */ = {isa = PBXBuildFile; fileRef = E610C3CF225B757E0096F5A8 /* URL+StaticString.swift */; };
		E610C3D3225B758E0096F5A8 /* Timer+Observable.swift in Sources */ = {isa = PBXBuildFile; fileRef = E610C3D2225B758E0096F5A8 /* Timer+Observable.swift */; };
		E610C3D5225B7AA40096F5A8 /* ReusableCell.swift in Sources */ = {isa = PBXBuildFile; fileRef = E610C3D4225B7AA40096F5A8 /* ReusableCell.swift */; };
		E610C3D8225B7B700096F5A8 /* CurrencySelectorViewController.swift in Sources */ = {isa = PBXBuildFile; fileRef = E610C3D7225B7B700096F5A8 /* CurrencySelectorViewController.swift */; };
		E610C3DA225B7DA90096F5A8 /* CurrencySelectorCell.swift in Sources */ = {isa = PBXBuildFile; fileRef = E610C3D9225B7DA90096F5A8 /* CurrencySelectorCell.swift */; };
		E63F7872225B862200E87AF3 /* CurrencySelectorCell.xib in Resources */ = {isa = PBXBuildFile; fileRef = E63F7871225B862200E87AF3 /* CurrencySelectorCell.xib */; };
		E63F7874225B8B9100E87AF3 /* AddCurrencyPairFlow.swift in Sources */ = {isa = PBXBuildFile; fileRef = E63F7873225B8B9100E87AF3 /* AddCurrencyPairFlow.swift */; };
		E672580A225E88DA00DFC261 /* Currency+Image.swift in Sources */ = {isa = PBXBuildFile; fileRef = E6725809225E88DA00DFC261 /* Currency+Image.swift */; };
		E68EE2D7226246D300FB28AC /* ISOCurrencyTests.swift in Sources */ = {isa = PBXBuildFile; fileRef = E68EE2D6226246D300FB28AC /* ISOCurrencyTests.swift */; };
		E68EE2D922624A4400FB28AC /* CurrencyPairTests.swift in Sources */ = {isa = PBXBuildFile; fileRef = E68EE2D822624A4400FB28AC /* CurrencyPairTests.swift */; };
		E68EE2E02262633F00FB28AC /* UserDefaultsStorageTests.swift in Sources */ = {isa = PBXBuildFile; fileRef = E68EE2DF2262633F00FB28AC /* UserDefaultsStorageTests.swift */; };
		E6969544225C8A5C00F21B83 /* Log.swift in Sources */ = {isa = PBXBuildFile; fileRef = E6969543225C8A5C00F21B83 /* Log.swift */; };
		E6969546225CA2E200F21B83 /* AppCoordinator.swift in Sources */ = {isa = PBXBuildFile; fileRef = E6969545225CA2E200F21B83 /* AppCoordinator.swift */; };
		E6969548225CA83700F21B83 /* ExchangeRateListCoordinator.swift in Sources */ = {isa = PBXBuildFile; fileRef = E6969547225CA83700F21B83 /* ExchangeRateListCoordinator.swift */; };
		E696954A225CD04900F21B83 /* ExchangeRateListCell.swift in Sources */ = {isa = PBXBuildFile; fileRef = E6969549225CD04900F21B83 /* ExchangeRateListCell.swift */; };
		E696954E225CD72B00F21B83 /* ListDatasource.swift in Sources */ = {isa = PBXBuildFile; fileRef = E696954D225CD72B00F21B83 /* ListDatasource.swift */; };
		E6969550225D144300F21B83 /* ExchangeRateListCell.xib in Resources */ = {isa = PBXBuildFile; fileRef = E696954F225D144300F21B83 /* ExchangeRateListCell.xib */; };
/* End PBXBuildFile section */

/* Begin PBXContainerItemProxy section */
		E610C379225A1F690096F5A8 /* PBXContainerItemProxy */ = {
			isa = PBXContainerItemProxy;
			containerPortal = E610C35C225A1F660096F5A8 /* Project object */;
			proxyType = 1;
			remoteGlobalIDString = E610C363225A1F660096F5A8;
			remoteInfo = ExchangeRates;
		};
		E610C393225A252A0096F5A8 /* PBXContainerItemProxy */ = {
			isa = PBXContainerItemProxy;
			containerPortal = E610C35C225A1F660096F5A8 /* Project object */;
			proxyType = 1;
			remoteGlobalIDString = E610C38E225A24FD0096F5A8;
			remoteInfo = Lint;
		};
/* End PBXContainerItemProxy section */

/* Begin PBXFileReference section */
		E610C364225A1F660096F5A8 /* ExchangeRates.app */ = {isa = PBXFileReference; explicitFileType = wrapper.application; includeInIndex = 0; path = ExchangeRates.app; sourceTree = BUILT_PRODUCTS_DIR; };
		E610C367225A1F660096F5A8 /* AppDelegate.swift */ = {isa = PBXFileReference; lastKnownFileType = sourcecode.swift; path = AppDelegate.swift; sourceTree = "<group>"; };
		E610C369225A1F660096F5A8 /* ExchangeRateListViewController.swift */ = {isa = PBXFileReference; lastKnownFileType = sourcecode.swift; path = ExchangeRateListViewController.swift; sourceTree = "<group>"; };
		E610C36E225A1F680096F5A8 /* Assets.xcassets */ = {isa = PBXFileReference; lastKnownFileType = folder.assetcatalog; path = Assets.xcassets; sourceTree = "<group>"; };
		E610C371225A1F680096F5A8 /* Base */ = {isa = PBXFileReference; lastKnownFileType = file.storyboard; name = Base; path = Base.lproj/LaunchScreen.storyboard; sourceTree = "<group>"; };
		E610C378225A1F690096F5A8 /* ExchangeRatesTests.xctest */ = {isa = PBXFileReference; explicitFileType = wrapper.cfbundle; includeInIndex = 0; path = ExchangeRatesTests.xctest; sourceTree = BUILT_PRODUCTS_DIR; };
		E610C37E225A1F690096F5A8 /* Info.plist */ = {isa = PBXFileReference; lastKnownFileType = text.plist.xml; path = Info.plist; sourceTree = "<group>"; };
		E610C388225A20140096F5A8 /* README.md */ = {isa = PBXFileReference; lastKnownFileType = net.daringfireball.markdown; path = README.md; sourceTree = "<group>"; };
		E610C38B225A20F90096F5A8 /* Info.plist */ = {isa = PBXFileReference; lastKnownFileType = text.plist.xml; path = Info.plist; sourceTree = "<group>"; };
		E610C38D225A24740096F5A8 /* lint.sh */ = {isa = PBXFileReference; lastKnownFileType = text.script.sh; path = lint.sh; sourceTree = "<group>"; };
		E610C395225A263C0096F5A8 /* .swiftlint.yml */ = {isa = PBXFileReference; lastKnownFileType = text; path = .swiftlint.yml; sourceTree = "<group>"; };
		E610C39A225A3F970096F5A8 /* Localizable.strings */ = {isa = PBXFileReference; lastKnownFileType = text.plist.strings; path = Localizable.strings; sourceTree = "<group>"; };
		E610C39C225A3FD40096F5A8 /* Currency.swift */ = {isa = PBXFileReference; lastKnownFileType = sourcecode.swift; path = Currency.swift; sourceTree = "<group>"; };
		E610C39E225A477A0096F5A8 /* CurrencyPair.swift */ = {isa = PBXFileReference; lastKnownFileType = sourcecode.swift; path = CurrencyPair.swift; sourceTree = "<group>"; };
		E610C3A0225A4B170096F5A8 /* ExchangeRate.swift */ = {isa = PBXFileReference; lastKnownFileType = sourcecode.swift; path = ExchangeRate.swift; sourceTree = "<group>"; };
		E610C3A7225A55980096F5A8 /* NetworkDataFetcher.swift */ = {isa = PBXFileReference; lastKnownFileType = sourcecode.swift; path = NetworkDataFetcher.swift; sourceTree = "<group>"; };
		E610C3A9225A56AE0096F5A8 /* DataFetchError.swift */ = {isa = PBXFileReference; lastKnownFileType = sourcecode.swift; path = DataFetchError.swift; sourceTree = "<group>"; };
		E610C3AD225A58810096F5A8 /* BasicNetworkFetcher.swift */ = {isa = PBXFileReference; lastKnownFileType = sourcecode.swift; path = BasicNetworkFetcher.swift; sourceTree = "<group>"; };
		E610C3AF225B23FB0096F5A8 /* HTTPRequest.swift */ = {isa = PBXFileReference; lastKnownFileType = sourcecode.swift; path = HTTPRequest.swift; sourceTree = "<group>"; };
		E610C3B1225B24B60096F5A8 /* ExchangeRateService.swift */ = {isa = PBXFileReference; lastKnownFileType = sourcecode.swift; path = ExchangeRateService.swift; sourceTree = "<group>"; };
		E610C3B7225B3DA20096F5A8 /* ApplicationConfig.swift */ = {isa = PBXFileReference; lastKnownFileType = sourcecode.swift; path = ApplicationConfig.swift; sourceTree = "<group>"; };
		E610C3BA225B44C00096F5A8 /* KeyValueStorage.swift */ = {isa = PBXFileReference; lastKnownFileType = sourcecode.swift; path = KeyValueStorage.swift; sourceTree = "<group>"; };
		E610C3BC225B45450096F5A8 /* UserDefaultsStorage.swift */ = {isa = PBXFileReference; lastKnownFileType = sourcecode.swift; path = UserDefaultsStorage.swift; sourceTree = "<group>"; };
		E610C3C0225B47150096F5A8 /* UserPreferences.swift */ = {isa = PBXFileReference; lastKnownFileType = sourcecode.swift; path = UserPreferences.swift; sourceTree = "<group>"; };
		E610C3C5225B55EF0096F5A8 /* Observable.swift */ = {isa = PBXFileReference; fileEncoding = 4; lastKnownFileType = sourcecode.swift; path = Observable.swift; sourceTree = "<group>"; };
		E610C3C7225B55FC0096F5A8 /* Disposable.swift */ = {isa = PBXFileReference; lastKnownFileType = sourcecode.swift; path = Disposable.swift; sourceTree = "<group>"; };
		E610C3CB225B59560096F5A8 /* ExchangeRateListViewModel.swift */ = {isa = PBXFileReference; lastKnownFileType = sourcecode.swift; path = ExchangeRateListViewModel.swift; sourceTree = "<group>"; };
		E610C3CE225B757E0096F5A8 /* String+Localized.swift */ = {isa = PBXFileReference; fileEncoding = 4; lastKnownFileType = sourcecode.swift; path = "String+Localized.swift"; sourceTree = "<group>"; };
		E610C3CF225B757E0096F5A8 /* URL+StaticString.swift */ = {isa = PBXFileReference; fileEncoding = 4; lastKnownFileType = sourcecode.swift; path = "URL+StaticString.swift"; sourceTree = "<group>"; };
		E610C3D2225B758E0096F5A8 /* Timer+Observable.swift */ = {isa = PBXFileReference; lastKnownFileType = sourcecode.swift; path = "Timer+Observable.swift"; sourceTree = "<group>"; };
		E610C3D4225B7AA40096F5A8 /* ReusableCell.swift */ = {isa = PBXFileReference; lastKnownFileType = sourcecode.swift; path = ReusableCell.swift; sourceTree = "<group>"; };
		E610C3D7225B7B700096F5A8 /* CurrencySelectorViewController.swift */ = {isa = PBXFileReference; lastKnownFileType = sourcecode.swift; path = CurrencySelectorViewController.swift; sourceTree = "<group>"; };
		E610C3D9225B7DA90096F5A8 /* CurrencySelectorCell.swift */ = {isa = PBXFileReference; lastKnownFileType = sourcecode.swift; path = CurrencySelectorCell.swift; sourceTree = "<group>"; };
		E63F7871225B862200E87AF3 /* CurrencySelectorCell.xib */ = {isa = PBXFileReference; lastKnownFileType = file.xib; path = CurrencySelectorCell.xib; sourceTree = "<group>"; };
		E63F7873225B8B9100E87AF3 /* AddCurrencyPairFlow.swift */ = {isa = PBXFileReference; lastKnownFileType = sourcecode.swift; path = AddCurrencyPairFlow.swift; sourceTree = "<group>"; };
		E6725809225E88DA00DFC261 /* Currency+Image.swift */ = {isa = PBXFileReference; lastKnownFileType = sourcecode.swift; path = "Currency+Image.swift"; sourceTree = "<group>"; };
		E68EE2D5226246D300FB28AC /* ExchangeRatesTests-Bridging-Header.h */ = {isa = PBXFileReference; lastKnownFileType = sourcecode.c.h; path = "ExchangeRatesTests-Bridging-Header.h"; sourceTree = "<group>"; };
		E68EE2D6226246D300FB28AC /* ISOCurrencyTests.swift */ = {isa = PBXFileReference; lastKnownFileType = sourcecode.swift; path = ISOCurrencyTests.swift; sourceTree = "<group>"; };
		E68EE2D822624A4400FB28AC /* CurrencyPairTests.swift */ = {isa = PBXFileReference; lastKnownFileType = sourcecode.swift; path = CurrencyPairTests.swift; sourceTree = "<group>"; };
		E68EE2DF2262633F00FB28AC /* UserDefaultsStorageTests.swift */ = {isa = PBXFileReference; lastKnownFileType = sourcecode.swift; path = UserDefaultsStorageTests.swift; sourceTree = "<group>"; };
		E6969543225C8A5C00F21B83 /* Log.swift */ = {isa = PBXFileReference; lastKnownFileType = sourcecode.swift; path = Log.swift; sourceTree = "<group>"; };
		E6969545225CA2E200F21B83 /* AppCoordinator.swift */ = {isa = PBXFileReference; lastKnownFileType = sourcecode.swift; path = AppCoordinator.swift; sourceTree = "<group>"; };
		E6969547225CA83700F21B83 /* ExchangeRateListCoordinator.swift */ = {isa = PBXFileReference; lastKnownFileType = sourcecode.swift; path = ExchangeRateListCoordinator.swift; sourceTree = "<group>"; };
		E6969549225CD04900F21B83 /* ExchangeRateListCell.swift */ = {isa = PBXFileReference; lastKnownFileType = sourcecode.swift; path = ExchangeRateListCell.swift; sourceTree = "<group>"; };
		E696954D225CD72B00F21B83 /* ListDatasource.swift */ = {isa = PBXFileReference; lastKnownFileType = sourcecode.swift; path = ListDatasource.swift; sourceTree = "<group>"; };
		E696954F225D144300F21B83 /* ExchangeRateListCell.xib */ = {isa = PBXFileReference; lastKnownFileType = file.xib; path = ExchangeRateListCell.xib; sourceTree = "<group>"; };
/* End PBXFileReference section */

/* Begin PBXFrameworksBuildPhase section */
		E610C361225A1F660096F5A8 /* Frameworks */ = {
			isa = PBXFrameworksBuildPhase;
			buildActionMask = 2147483647;
			files = (
			);
			runOnlyForDeploymentPostprocessing = 0;
		};
		E610C375225A1F690096F5A8 /* Frameworks */ = {
			isa = PBXFrameworksBuildPhase;
			buildActionMask = 2147483647;
			files = (
			);
			runOnlyForDeploymentPostprocessing = 0;
		};
/* End PBXFrameworksBuildPhase section */

/* Begin PBXGroup section */
		E610C35B225A1F660096F5A8 = {
			isa = PBXGroup;
			children = (
				E610C388225A20140096F5A8 /* README.md */,
				E610C395225A263C0096F5A8 /* .swiftlint.yml */,
				E610C38C225A24740096F5A8 /* Scripts */,
				E610C387225A20140096F5A8 /* Sources */,
				E610C389225A20140096F5A8 /* Tests */,
				E610C365225A1F660096F5A8 /* Products */,
			);
			sourceTree = "<group>";
		};
		E610C365225A1F660096F5A8 /* Products */ = {
			isa = PBXGroup;
			children = (
				E610C364225A1F660096F5A8 /* ExchangeRates.app */,
				E610C378225A1F690096F5A8 /* ExchangeRatesTests.xctest */,
			);
			name = Products;
			sourceTree = "<group>";
		};
		E610C387225A20140096F5A8 /* Sources */ = {
			isa = PBXGroup;
			children = (
				E610C3B3225B3BF80096F5A8 /* Core */,
				E610C3B4225B3C540096F5A8 /* App */,
				E610C3B6225B3CDF0096F5A8 /* ExchangeRateList */,
				E610C3D6225B7B570096F5A8 /* AddCurrencyPair */,
				E610C38A225A20F90096F5A8 /* Supporting files */,
				E610C370225A1F680096F5A8 /* LaunchScreen.storyboard */,
				E610C36E225A1F680096F5A8 /* Assets.xcassets */,
			);
			path = Sources;
			sourceTree = "<group>";
		};
		E610C389225A20140096F5A8 /* Tests */ = {
			isa = PBXGroup;
			children = (
				E68EE2D42262466600FB28AC /* Core */,
				E68EE2D32262466600FB28AC /* App */,
				E610C37E225A1F690096F5A8 /* Info.plist */,
				E68EE2D5226246D300FB28AC /* ExchangeRatesTests-Bridging-Header.h */,
			);
			path = Tests;
			sourceTree = "<group>";
		};
		E610C38A225A20F90096F5A8 /* Supporting files */ = {
			isa = PBXGroup;
			children = (
				E610C38B225A20F90096F5A8 /* Info.plist */,
				E610C39A225A3F970096F5A8 /* Localizable.strings */,
			);
			path = "Supporting files";
			sourceTree = "<group>";
		};
		E610C38C225A24740096F5A8 /* Scripts */ = {
			isa = PBXGroup;
			children = (
				E610C38D225A24740096F5A8 /* lint.sh */,
			);
			path = Scripts;
			sourceTree = "<group>";
		};
		E610C396225A281C0096F5A8 /* Models */ = {
			isa = PBXGroup;
			children = (
				E610C3B7225B3DA20096F5A8 /* ApplicationConfig.swift */,
				E610C39C225A3FD40096F5A8 /* Currency.swift */,
				E610C39E225A477A0096F5A8 /* CurrencyPair.swift */,
				E610C3A0225A4B170096F5A8 /* ExchangeRate.swift */,
			);
			path = Models;
			sourceTree = "<group>";
		};
		E610C3A4225A555E0096F5A8 /* Networking */ = {
			isa = PBXGroup;
			children = (
				E610C3AF225B23FB0096F5A8 /* HTTPRequest.swift */,
				E610C3A9225A56AE0096F5A8 /* DataFetchError.swift */,
				E610C3A7225A55980096F5A8 /* NetworkDataFetcher.swift */,
				E610C3AD225A58810096F5A8 /* BasicNetworkFetcher.swift */,
			);
			path = Networking;
			sourceTree = "<group>";
		};
		E610C3B3225B3BF80096F5A8 /* Core */ = {
			isa = PBXGroup;
			children = (
				E610C3CD225B757E0096F5A8 /* Extensions */,
				E610C3A4225A555E0096F5A8 /* Networking */,
				E610C3B9225B44940096F5A8 /* Storage */,
				E610C3C4225B55A00096F5A8 /* Observable */,
				E6969543225C8A5C00F21B83 /* Log.swift */,
				E696954D225CD72B00F21B83 /* ListDatasource.swift */,
			);
			path = Core;
			sourceTree = "<group>";
		};
		E610C3B4225B3C540096F5A8 /* App */ = {
			isa = PBXGroup;
			children = (
				E610C367225A1F660096F5A8 /* AppDelegate.swift */,
				E6969545225CA2E200F21B83 /* AppCoordinator.swift */,
				E610C396225A281C0096F5A8 /* Models */,
				E610C3B5225B3C840096F5A8 /* Services */,
				E6725808225E88C000DFC261 /* Extensions */,
			);
			path = App;
			sourceTree = "<group>";
		};
		E610C3B5225B3C840096F5A8 /* Services */ = {
			isa = PBXGroup;
			children = (
				E610C3C0225B47150096F5A8 /* UserPreferences.swift */,
				E610C3B1225B24B60096F5A8 /* ExchangeRateService.swift */,
			);
			path = Services;
			sourceTree = "<group>";
		};
		E610C3B6225B3CDF0096F5A8 /* ExchangeRateList */ = {
			isa = PBXGroup;
			children = (
				E6969547225CA83700F21B83 /* ExchangeRateListCoordinator.swift */,
				E610C3CB225B59560096F5A8 /* ExchangeRateListViewModel.swift */,
				E610C369225A1F660096F5A8 /* ExchangeRateListViewController.swift */,
				E6969549225CD04900F21B83 /* ExchangeRateListCell.swift */,
				E696954F225D144300F21B83 /* ExchangeRateListCell.xib */,
			);
			path = ExchangeRateList;
			sourceTree = "<group>";
		};
		E610C3B9225B44940096F5A8 /* Storage */ = {
			isa = PBXGroup;
			children = (
				E610C3BA225B44C00096F5A8 /* KeyValueStorage.swift */,
				E610C3BC225B45450096F5A8 /* UserDefaultsStorage.swift */,
			);
			path = Storage;
			sourceTree = "<group>";
		};
		E610C3C4225B55A00096F5A8 /* Observable */ = {
			isa = PBXGroup;
			children = (
				E610C3C5225B55EF0096F5A8 /* Observable.swift */,
				E610C3C7225B55FC0096F5A8 /* Disposable.swift */,
			);
			path = Observable;
			sourceTree = "<group>";
		};
		E610C3CD225B757E0096F5A8 /* Extensions */ = {
			isa = PBXGroup;
			children = (
				E610C3CF225B757E0096F5A8 /* URL+StaticString.swift */,
				E610C3D4225B7AA40096F5A8 /* ReusableCell.swift */,
				E610C3CE225B757E0096F5A8 /* String+Localized.swift */,
				E610C3D2225B758E0096F5A8 /* Timer+Observable.swift */,
			);
			path = Extensions;
			sourceTree = "<group>";
		};
		E610C3D6225B7B570096F5A8 /* AddCurrencyPair */ = {
			isa = PBXGroup;
			children = (
				E63F7873225B8B9100E87AF3 /* AddCurrencyPairFlow.swift */,
				E610C3D7225B7B700096F5A8 /* CurrencySelectorViewController.swift */,
				E610C3D9225B7DA90096F5A8 /* CurrencySelectorCell.swift */,
				E63F7871225B862200E87AF3 /* CurrencySelectorCell.xib */,
			);
			path = AddCurrencyPair;
			sourceTree = "<group>";
		};
		E6725808225E88C000DFC261 /* Extensions */ = {
			isa = PBXGroup;
			children = (
				E6725809225E88DA00DFC261 /* Currency+Image.swift */,
			);
			path = Extensions;
			sourceTree = "<group>";
		};
		E68EE2D32262466600FB28AC /* App */ = {
			isa = PBXGroup;
			children = (
				E68EE2D6226246D300FB28AC /* ISOCurrencyTests.swift */,
				E68EE2D822624A4400FB28AC /* CurrencyPairTests.swift */,
			);
			path = App;
			sourceTree = "<group>";
		};
		E68EE2D42262466600FB28AC /* Core */ = {
			isa = PBXGroup;
			children = (
				E68EE2DF2262633F00FB28AC /* UserDefaultsStorageTests.swift */,
			);
			path = Core;
			sourceTree = "<group>";
		};
/* End PBXGroup section */

/* Begin PBXNativeTarget section */
		E610C363225A1F660096F5A8 /* ExchangeRates */ = {
			isa = PBXNativeTarget;
			buildConfigurationList = E610C381225A1F690096F5A8 /* Build configuration list for PBXNativeTarget "ExchangeRates" */;
			buildPhases = (
				E610C360225A1F660096F5A8 /* Sources */,
				E610C361225A1F660096F5A8 /* Frameworks */,
				E610C362225A1F660096F5A8 /* Resources */,
			);
			buildRules = (
			);
			dependencies = (
				E610C394225A252A0096F5A8 /* PBXTargetDependency */,
			);
			name = ExchangeRates;
			productName = ExchangeRates;
			productReference = E610C364225A1F660096F5A8 /* ExchangeRates.app */;
			productType = "com.apple.product-type.application";
		};
		E610C377225A1F690096F5A8 /* ExchangeRatesTests */ = {
			isa = PBXNativeTarget;
			buildConfigurationList = E610C384225A1F690096F5A8 /* Build configuration list for PBXNativeTarget "ExchangeRatesTests" */;
			buildPhases = (
				E610C374225A1F690096F5A8 /* Sources */,
				E610C375225A1F690096F5A8 /* Frameworks */,
				E610C376225A1F690096F5A8 /* Resources */,
			);
			buildRules = (
			);
			dependencies = (
				E610C37A225A1F690096F5A8 /* PBXTargetDependency */,
			);
			name = ExchangeRatesTests;
			productName = ExchangeRatesTests;
			productReference = E610C378225A1F690096F5A8 /* ExchangeRatesTests.xctest */;
			productType = "com.apple.product-type.bundle.unit-test";
		};
/* End PBXNativeTarget section */

/* Begin PBXProject section */
		E610C35C225A1F660096F5A8 /* Project object */ = {
			isa = PBXProject;
			attributes = {
				LastSwiftUpdateCheck = 1020;
				LastUpgradeCheck = 1020;
				ORGANIZATIONNAME = Revolut;
				TargetAttributes = {
					E610C363225A1F660096F5A8 = {
						CreatedOnToolsVersion = 10.2;
					};
					E610C377225A1F690096F5A8 = {
						CreatedOnToolsVersion = 10.2;
						LastSwiftMigration = 1020;
						TestTargetID = E610C363225A1F660096F5A8;
					};
					E610C38E225A24FD0096F5A8 = {
						CreatedOnToolsVersion = 10.2;
					};
				};
			};
			buildConfigurationList = E610C35F225A1F660096F5A8 /* Build configuration list for PBXProject "ExchangeRates" */;
			compatibilityVersion = "Xcode 9.3";
			developmentRegion = en;
			hasScannedForEncodings = 0;
			knownRegions = (
				en,
				Base,
			);
			mainGroup = E610C35B225A1F660096F5A8;
			productRefGroup = E610C365225A1F660096F5A8 /* Products */;
			projectDirPath = "";
			projectRoot = "";
			targets = (
				E610C363225A1F660096F5A8 /* ExchangeRates */,
				E610C377225A1F690096F5A8 /* ExchangeRatesTests */,
				E610C38E225A24FD0096F5A8 /* Lint */,
			);
		};
/* End PBXProject section */

/* Begin PBXResourcesBuildPhase section */
		E610C362225A1F660096F5A8 /* Resources */ = {
			isa = PBXResourcesBuildPhase;
			buildActionMask = 2147483647;
			files = (
				E610C372225A1F680096F5A8 /* LaunchScreen.storyboard in Resources */,
				E6969550225D144300F21B83 /* ExchangeRateListCell.xib in Resources */,
				E610C39B225A3F970096F5A8 /* Localizable.strings in Resources */,
				E610C36F225A1F680096F5A8 /* Assets.xcassets in Resources */,
				E63F7872225B862200E87AF3 /* CurrencySelectorCell.xib in Resources */,
			);
			runOnlyForDeploymentPostprocessing = 0;
		};
		E610C376225A1F690096F5A8 /* Resources */ = {
			isa = PBXResourcesBuildPhase;
			buildActionMask = 2147483647;
			files = (
			);
			runOnlyForDeploymentPostprocessing = 0;
		};
/* End PBXResourcesBuildPhase section */

/* Begin PBXShellScriptBuildPhase section */
		E610C392225A25100096F5A8 /* ShellScript */ = {
			isa = PBXShellScriptBuildPhase;
			buildActionMask = 2147483647;
			files = (
			);
			inputFileListPaths = (
			);
			inputPaths = (
			);
			outputFileListPaths = (
			);
			outputPaths = (
			);
			runOnlyForDeploymentPostprocessing = 0;
			shellPath = /bin/sh;
			shellScript = "${PROJECT_DIR}/Scripts/lint.sh\n";
		};
/* End PBXShellScriptBuildPhase section */

/* Begin PBXSourcesBuildPhase section */
		E610C360225A1F660096F5A8 /* Sources */ = {
			isa = PBXSourcesBuildPhase;
			buildActionMask = 2147483647;
			files = (
				E610C3D0225B757F0096F5A8 /* String+Localized.swift in Sources */,
				E610C3B2225B24B60096F5A8 /* ExchangeRateService.swift in Sources */,
				E6969546225CA2E200F21B83 /* AppCoordinator.swift in Sources */,
				E610C3C8225B55FC0096F5A8 /* Disposable.swift in Sources */,
				E610C3A8225A55980096F5A8 /* NetworkDataFetcher.swift in Sources */,
				E63F7874225B8B9100E87AF3 /* AddCurrencyPairFlow.swift in Sources */,
				E610C39D225A3FD40096F5A8 /* Currency.swift in Sources */,
				E610C3D5225B7AA40096F5A8 /* ReusableCell.swift in Sources */,
				E610C3AE225A58810096F5A8 /* BasicNetworkFetcher.swift in Sources */,
				E610C39F225A477A0096F5A8 /* CurrencyPair.swift in Sources */,
				E610C3C1225B47160096F5A8 /* UserPreferences.swift in Sources */,
				E610C36A225A1F660096F5A8 /* ExchangeRateListViewController.swift in Sources */,
				E610C3AA225A56AE0096F5A8 /* DataFetchError.swift in Sources */,
				E696954E225CD72B00F21B83 /* ListDatasource.swift in Sources */,
				E672580A225E88DA00DFC261 /* Currency+Image.swift in Sources */,
				E610C3D3225B758E0096F5A8 /* Timer+Observable.swift in Sources */,
				E6969544225C8A5C00F21B83 /* Log.swift in Sources */,
				E610C3D8225B7B700096F5A8 /* CurrencySelectorViewController.swift in Sources */,
				E696954A225CD04900F21B83 /* ExchangeRateListCell.swift in Sources */,
				E610C3B0225B23FB0096F5A8 /* HTTPRequest.swift in Sources */,
				E610C3BD225B45450096F5A8 /* UserDefaultsStorage.swift in Sources */,
				E610C3C6225B55EF0096F5A8 /* Observable.swift in Sources */,
				E610C3A1225A4B170096F5A8 /* ExchangeRate.swift in Sources */,
				E610C3B8225B3DA20096F5A8 /* ApplicationConfig.swift in Sources */,
				E610C3CC225B59570096F5A8 /* ExchangeRateListViewModel.swift in Sources */,
				E6969548225CA83700F21B83 /* ExchangeRateListCoordinator.swift in Sources */,
				E610C3D1225B757F0096F5A8 /* URL+StaticString.swift in Sources */,
				E610C368225A1F660096F5A8 /* AppDelegate.swift in Sources */,
				E610C3BB225B44C00096F5A8 /* KeyValueStorage.swift in Sources */,
				E610C3DA225B7DA90096F5A8 /* CurrencySelectorCell.swift in Sources */,
			);
			runOnlyForDeploymentPostprocessing = 0;
		};
		E610C374225A1F690096F5A8 /* Sources */ = {
			isa = PBXSourcesBuildPhase;
			buildActionMask = 2147483647;
			files = (
				E68EE2D922624A4400FB28AC /* CurrencyPairTests.swift in Sources */,
				E68EE2D7226246D300FB28AC /* ISOCurrencyTests.swift in Sources */,
				E68EE2E02262633F00FB28AC /* UserDefaultsStorageTests.swift in Sources */,
			);
			runOnlyForDeploymentPostprocessing = 0;
		};
/* End PBXSourcesBuildPhase section */

/* Begin PBXTargetDependency section */
		E610C37A225A1F690096F5A8 /* PBXTargetDependency */ = {
			isa = PBXTargetDependency;
			target = E610C363225A1F660096F5A8 /* ExchangeRates */;
			targetProxy = E610C379225A1F690096F5A8 /* PBXContainerItemProxy */;
		};
		E610C394225A252A0096F5A8 /* PBXTargetDependency */ = {
			isa = PBXTargetDependency;
			target = E610C38E225A24FD0096F5A8 /* Lint */;
			targetProxy = E610C393225A252A0096F5A8 /* PBXContainerItemProxy */;
		};
/* End PBXTargetDependency section */

/* Begin PBXVariantGroup section */
		E610C370225A1F680096F5A8 /* LaunchScreen.storyboard */ = {
			isa = PBXVariantGroup;
			children = (
				E610C371225A1F680096F5A8 /* Base */,
			);
			name = LaunchScreen.storyboard;
			sourceTree = "<group>";
		};
/* End PBXVariantGroup section */

/* Begin XCBuildConfiguration section */
		E610C37F225A1F690096F5A8 /* Debug */ = {
			isa = XCBuildConfiguration;
			buildSettings = {
				ALWAYS_SEARCH_USER_PATHS = NO;
				CLANG_ANALYZER_NONNULL = YES;
				CLANG_ANALYZER_NUMBER_OBJECT_CONVERSION = YES_AGGRESSIVE;
				CLANG_CXX_LANGUAGE_STANDARD = "gnu++14";
				CLANG_CXX_LIBRARY = "libc++";
				CLANG_ENABLE_MODULES = YES;
				CLANG_ENABLE_OBJC_ARC = YES;
				CLANG_ENABLE_OBJC_WEAK = YES;
				CLANG_WARN_BLOCK_CAPTURE_AUTORELEASING = YES;
				CLANG_WARN_BOOL_CONVERSION = YES;
				CLANG_WARN_COMMA = YES;
				CLANG_WARN_CONSTANT_CONVERSION = YES;
				CLANG_WARN_DEPRECATED_OBJC_IMPLEMENTATIONS = YES;
				CLANG_WARN_DIRECT_OBJC_ISA_USAGE = YES_ERROR;
				CLANG_WARN_DOCUMENTATION_COMMENTS = YES;
				CLANG_WARN_EMPTY_BODY = YES;
				CLANG_WARN_ENUM_CONVERSION = YES;
				CLANG_WARN_INFINITE_RECURSION = YES;
				CLANG_WARN_INT_CONVERSION = YES;
				CLANG_WARN_NON_LITERAL_NULL_CONVERSION = YES;
				CLANG_WARN_OBJC_IMPLICIT_RETAIN_SELF = YES;
				CLANG_WARN_OBJC_LITERAL_CONVERSION = YES;
				CLANG_WARN_OBJC_ROOT_CLASS = YES_ERROR;
				CLANG_WARN_RANGE_LOOP_ANALYSIS = YES;
				CLANG_WARN_STRICT_PROTOTYPES = YES;
				CLANG_WARN_SUSPICIOUS_MOVE = YES;
				CLANG_WARN_UNGUARDED_AVAILABILITY = YES_AGGRESSIVE;
				CLANG_WARN_UNREACHABLE_CODE = YES;
				CLANG_WARN__DUPLICATE_METHOD_MATCH = YES;
				CODE_SIGN_IDENTITY = "iPhone Developer";
				COPY_PHASE_STRIP = NO;
				DEBUG_INFORMATION_FORMAT = dwarf;
				ENABLE_STRICT_OBJC_MSGSEND = YES;
				ENABLE_TESTABILITY = YES;
				GCC_C_LANGUAGE_STANDARD = gnu11;
				GCC_DYNAMIC_NO_PIC = NO;
				GCC_NO_COMMON_BLOCKS = YES;
				GCC_OPTIMIZATION_LEVEL = 0;
				GCC_PREPROCESSOR_DEFINITIONS = (
					"DEBUG=1",
					"$(inherited)",
				);
				GCC_WARN_64_TO_32_BIT_CONVERSION = YES;
				GCC_WARN_ABOUT_RETURN_TYPE = YES_ERROR;
				GCC_WARN_UNDECLARED_SELECTOR = YES;
				GCC_WARN_UNINITIALIZED_AUTOS = YES_AGGRESSIVE;
				GCC_WARN_UNUSED_FUNCTION = YES;
				GCC_WARN_UNUSED_VARIABLE = YES;
				IPHONEOS_DEPLOYMENT_TARGET = 12.2;
				MTL_ENABLE_DEBUG_INFO = INCLUDE_SOURCE;
				MTL_FAST_MATH = YES;
				ONLY_ACTIVE_ARCH = YES;
				SDKROOT = iphoneos;
				SWIFT_ACTIVE_COMPILATION_CONDITIONS = DEBUG;
				SWIFT_OPTIMIZATION_LEVEL = "-Onone";
			};
			name = Debug;
		};
		E610C380225A1F690096F5A8 /* Release */ = {
			isa = XCBuildConfiguration;
			buildSettings = {
				ALWAYS_SEARCH_USER_PATHS = NO;
				CLANG_ANALYZER_NONNULL = YES;
				CLANG_ANALYZER_NUMBER_OBJECT_CONVERSION = YES_AGGRESSIVE;
				CLANG_CXX_LANGUAGE_STANDARD = "gnu++14";
				CLANG_CXX_LIBRARY = "libc++";
				CLANG_ENABLE_MODULES = YES;
				CLANG_ENABLE_OBJC_ARC = YES;
				CLANG_ENABLE_OBJC_WEAK = YES;
				CLANG_WARN_BLOCK_CAPTURE_AUTORELEASING = YES;
				CLANG_WARN_BOOL_CONVERSION = YES;
				CLANG_WARN_COMMA = YES;
				CLANG_WARN_CONSTANT_CONVERSION = YES;
				CLANG_WARN_DEPRECATED_OBJC_IMPLEMENTATIONS = YES;
				CLANG_WARN_DIRECT_OBJC_ISA_USAGE = YES_ERROR;
				CLANG_WARN_DOCUMENTATION_COMMENTS = YES;
				CLANG_WARN_EMPTY_BODY = YES;
				CLANG_WARN_ENUM_CONVERSION = YES;
				CLANG_WARN_INFINITE_RECURSION = YES;
				CLANG_WARN_INT_CONVERSION = YES;
				CLANG_WARN_NON_LITERAL_NULL_CONVERSION = YES;
				CLANG_WARN_OBJC_IMPLICIT_RETAIN_SELF = YES;
				CLANG_WARN_OBJC_LITERAL_CONVERSION = YES;
				CLANG_WARN_OBJC_ROOT_CLASS = YES_ERROR;
				CLANG_WARN_RANGE_LOOP_ANALYSIS = YES;
				CLANG_WARN_STRICT_PROTOTYPES = YES;
				CLANG_WARN_SUSPICIOUS_MOVE = YES;
				CLANG_WARN_UNGUARDED_AVAILABILITY = YES_AGGRESSIVE;
				CLANG_WARN_UNREACHABLE_CODE = YES;
				CLANG_WARN__DUPLICATE_METHOD_MATCH = YES;
				CODE_SIGN_IDENTITY = "iPhone Developer";
				COPY_PHASE_STRIP = NO;
				DEBUG_INFORMATION_FORMAT = "dwarf-with-dsym";
				ENABLE_NS_ASSERTIONS = NO;
				ENABLE_STRICT_OBJC_MSGSEND = YES;
				GCC_C_LANGUAGE_STANDARD = gnu11;
				GCC_NO_COMMON_BLOCKS = YES;
				GCC_WARN_64_TO_32_BIT_CONVERSION = YES;
				GCC_WARN_ABOUT_RETURN_TYPE = YES_ERROR;
				GCC_WARN_UNDECLARED_SELECTOR = YES;
				GCC_WARN_UNINITIALIZED_AUTOS = YES_AGGRESSIVE;
				GCC_WARN_UNUSED_FUNCTION = YES;
				GCC_WARN_UNUSED_VARIABLE = YES;
				IPHONEOS_DEPLOYMENT_TARGET = 12.2;
				MTL_ENABLE_DEBUG_INFO = NO;
				MTL_FAST_MATH = YES;
				SDKROOT = iphoneos;
				SWIFT_COMPILATION_MODE = wholemodule;
				SWIFT_OPTIMIZATION_LEVEL = "-O";
				VALIDATE_PRODUCT = YES;
			};
			name = Release;
		};
		E610C382225A1F690096F5A8 /* Debug */ = {
			isa = XCBuildConfiguration;
			buildSettings = {
				ASSETCATALOG_COMPILER_APPICON_NAME = AppIcon;
				CODE_SIGN_STYLE = Automatic;
				DEVELOPMENT_TEAM = MUQLCT9R7S;
				GCC_TREAT_WARNINGS_AS_ERRORS = YES;
				GCC_WARN_SHADOW = YES;
				INFOPLIST_FILE = "Sources/Supporting files/Info.plist";
				LD_RUNPATH_SEARCH_PATHS = (
					"$(inherited)",
					"@executable_path/Frameworks",
				);
				PRODUCT_BUNDLE_IDENTIFIER = com.revolut.ExchangeRates;
				PRODUCT_NAME = "$(TARGET_NAME)";
				SWIFT_TREAT_WARNINGS_AS_ERRORS = YES;
				SWIFT_VERSION = 5.0;
				TARGETED_DEVICE_FAMILY = "1,2";
			};
			name = Debug;
		};
		E610C383225A1F690096F5A8 /* Release */ = {
			isa = XCBuildConfiguration;
			buildSettings = {
				ASSETCATALOG_COMPILER_APPICON_NAME = AppIcon;
				CODE_SIGN_STYLE = Automatic;
				DEVELOPMENT_TEAM = MUQLCT9R7S;
				GCC_TREAT_WARNINGS_AS_ERRORS = YES;
				GCC_WARN_SHADOW = YES;
				INFOPLIST_FILE = "Sources/Supporting files/Info.plist";
				LD_RUNPATH_SEARCH_PATHS = (
					"$(inherited)",
					"@executable_path/Frameworks",
				);
				PRODUCT_BUNDLE_IDENTIFIER = com.revolut.ExchangeRates;
				PRODUCT_NAME = "$(TARGET_NAME)";
				SWIFT_TREAT_WARNINGS_AS_ERRORS = YES;
				SWIFT_VERSION = 5.0;
				TARGETED_DEVICE_FAMILY = "1,2";
			};
			name = Release;
		};
		E610C385225A1F690096F5A8 /* Debug */ = {
			isa = XCBuildConfiguration;
			buildSettings = {
				ALWAYS_EMBED_SWIFT_STANDARD_LIBRARIES = YES;
				BUNDLE_LOADER = "$(TEST_HOST)";
				CLANG_ENABLE_MODULES = YES;
				CODE_SIGN_STYLE = Automatic;
				DEVELOPMENT_TEAM = MUQLCT9R7S;
				INFOPLIST_FILE = Tests/Info.plist;
				LD_RUNPATH_SEARCH_PATHS = (
					"$(inherited)",
					"@executable_path/Frameworks",
					"@loader_path/Frameworks",
				);
				PRODUCT_BUNDLE_IDENTIFIER = com.revolut.ExchangeRatesTests;
				PRODUCT_NAME = "$(TARGET_NAME)";
				SWIFT_OBJC_BRIDGING_HEADER = "Tests/ExchangeRatesTests-Bridging-Header.h";
				SWIFT_OPTIMIZATION_LEVEL = "-Onone";
				SWIFT_VERSION = 5.0;
				TARGETED_DEVICE_FAMILY = "1,2";
				TEST_HOST = "$(BUILT_PRODUCTS_DIR)/ExchangeRates.app/ExchangeRates";
			};
			name = Debug;
		};
		E610C386225A1F690096F5A8 /* Release */ = {
			isa = XCBuildConfiguration;
			buildSettings = {
				ALWAYS_EMBED_SWIFT_STANDARD_LIBRARIES = YES;
				BUNDLE_LOADER = "$(TEST_HOST)";
				CLANG_ENABLE_MODULES = YES;
				CODE_SIGN_STYLE = Automatic;
				DEVELOPMENT_TEAM = MUQLCT9R7S;
				INFOPLIST_FILE = Tests/Info.plist;
				LD_RUNPATH_SEARCH_PATHS = (
					"$(inherited)",
					"@executable_path/Frameworks",
					"@loader_path/Frameworks",
				);
				PRODUCT_BUNDLE_IDENTIFIER = com.revolut.ExchangeRatesTests;
				PRODUCT_NAME = "$(TARGET_NAME)";
				SWIFT_OBJC_BRIDGING_HEADER = "Tests/ExchangeRatesTests-Bridging-Header.h";
				SWIFT_VERSION = 5.0;
				TARGETED_DEVICE_FAMILY = "1,2";
				TEST_HOST = "$(BUILT_PRODUCTS_DIR)/ExchangeRates.app/ExchangeRates";
			};
			name = Release;
		};
		E610C390225A24FD0096F5A8 /* Debug */ = {
			isa = XCBuildConfiguration;
			buildSettings = {
				CODE_SIGN_STYLE = Automatic;
				DEVELOPMENT_TEAM = MUQLCT9R7S;
				PRODUCT_NAME = "$(TARGET_NAME)";
			};
			name = Debug;
		};
		E610C391225A24FD0096F5A8 /* Release */ = {
			isa = XCBuildConfiguration;
			buildSettings = {
				CODE_SIGN_STYLE = Automatic;
				DEVELOPMENT_TEAM = MUQLCT9R7S;
				PRODUCT_NAME = "$(TARGET_NAME)";
			};
			name = Release;
		};
/* End XCBuildConfiguration section */

/* Begin XCConfigurationList section */
		E610C35F225A1F660096F5A8 /* Build configuration list for PBXProject "ExchangeRates" */ = {
			isa = XCConfigurationList;
			buildConfigurations = (
				E610C37F225A1F690096F5A8 /* Debug */,
				E610C380225A1F690096F5A8 /* Release */,
			);
			defaultConfigurationIsVisible = 0;
			defaultConfigurationName = Release;
		};
		E610C381225A1F690096F5A8 /* Build configuration list for PBXNativeTarget "ExchangeRates" */ = {
			isa = XCConfigurationList;
			buildConfigurations = (
				E610C382225A1F690096F5A8 /* Debug */,
				E610C383225A1F690096F5A8 /* Release */,
			);
			defaultConfigurationIsVisible = 0;
			defaultConfigurationName = Release;
		};
		E610C384225A1F690096F5A8 /* Build configuration list for PBXNativeTarget "ExchangeRatesTests" */ = {
			isa = XCConfigurationList;
			buildConfigurations = (
				E610C385225A1F690096F5A8 /* Debug */,
				E610C386225A1F690096F5A8 /* Release */,
			);
			defaultConfigurationIsVisible = 0;
			defaultConfigurationName = Release;
		};
		E610C38F225A24FD0096F5A8 /* Build configuration list for PBXAggregateTarget "Lint" */ = {
			isa = XCConfigurationList;
			buildConfigurations = (
				E610C390225A24FD0096F5A8 /* Debug */,
				E610C391225A24FD0096F5A8 /* Release */,
			);
			defaultConfigurationIsVisible = 0;
			defaultConfigurationName = Release;
		};
/* End XCConfigurationList section */
	};
	rootObject = E610C35C225A1F660096F5A8 /* Project object */;
}
